{
  "requires": true,
  "lockfileVersion": 1,
  "dependencies": {
    "vue-select": {
      "version": "3.10.8",
      "resolved": "https://registry.npmjs.org/vue-select/-/vue-select-3.10.8.tgz",
      "integrity": "sha512-PnjtZWCTiSr04bs8ctPIiU41qnBK+oh/SOe6Pb4gElMMxofDFwUxiUe++mz0+84aTy4zrleGxtvVVyWbiPYBiw=="
    }
  }
}
